
Microsoft Visual Studio Solution File, Format Version 12.00
# Visual Studio Version 17
VisualStudioVersion = 17.4.33403.182
MinimumVisualStudioVersion = 10.0.40219.1
Project("{FAE04EC0-301F-11D3-BF4B-00C04F79EFBC}") = "Vologa4-Modul3", "Vologa4-Modul3\Vologa4-Modul3.csproj", "{7D9B092A-D908-47A5-8499-AF1C76BEFD10}"
EndProject
Global
	GlobalSection(SolutionConfigurationPlatforms) = preSolution
		Debug|Any CPU = Debug|Any CPU
		Release|Any CPU = Release|Any CPU
	EndGlobalSection
	GlobalSection(ProjectConfigurationPlatforms) = postSolution
		{7D9B092A-D908-47A5-8499-AF1C76BEFD10}.Debug|Any CPU.ActiveCfg = Debug|Any CPU
		{7D9B092A-D908-47A5-8499-AF1C76BEFD10}.Debug|Any CPU.Build.0 = Debug|Any CPU
		{7D9B092A-D908-47A5-8499-AF1C76BEFD10}.Release|Any CPU.ActiveCfg = Release|Any CPU
		{7D9B092A-D908-47A5-8499-AF1C76BEFD10}.Release|Any CPU.Build.0 = Release|Any CPU
	EndGlobalSection
	GlobalSection(SolutionProperties) = preSolution
		HideSolutionNode = FALSE
	EndGlobalSection
	GlobalSection(ExtensibilityGlobals) = postSolution
		SolutionGuid = {502508A9-876E-4674-88DC-13991BB3F62B}
	EndGlobalSection
EndGlobal
